{
  "name": "ev-map",
  "version": "1.0.0",
  "lockfileVersion": 3,
  "requires": true,
  "packages": {
    "": {
      "name": "ev-map",
      "version": "1.0.0",
      "license": "ISC",
      "workspaces": [
        "packages/front-end",
        "packages/server"
      ]
    },
    "node_modules/ev-server": {
      "resolved": "packages/server",
      "link": true
    },
    "node_modules/front-end": {
      "resolved": "packages/front-end",
      "link": true
    },
    "packages/front-end": {
      "version": "1.0.0",
      "license": "ISC",
      "devDependencies": {}
    },
    "packages/server": {
      "name": "ev-server",
      "version": "1.0.0",
      "license": "ISC"
    }
  }
}
